
Microsoft Visual Studio Solution File, Format Version 12.00
# Visual Studio Version 16
VisualStudioVersion = 16.0.31402.337
MinimumVisualStudioVersion = 10.0.40219.1
Project("{9A19103F-16F7-4668-BE54-9A1E7A4F7556}") = "Core", "Core\Core.csproj", "{2A3FACDD-787F-42C9-BF4E-91FF73C26AF7}"
EndProject
Project("{9A19103F-16F7-4668-BE54-9A1E7A4F7556}") = "Data", "Data\Data.csproj", "{48BEF85D-6158-4EEC-9731-53CC66B34D81}"
EndProject
Project("{9A19103F-16F7-4668-BE54-9A1E7A4F7556}") = "Application", "Application\Application.csproj", "{4880AB7B-4DEA-402B-840E-8D43A0DEB3E2}"
EndProject
Project("{9A19103F-16F7-4668-BE54-9A1E7A4F7556}") = "WebUI", "WebUI\WebUI.csproj", "{53FBACCE-C1ED-4426-83A3-BDAD52B204C1}"
EndProject
Project("{FAE04EC0-301F-11D3-BF4B-00C04F79EFBC}") = "API", "API\API.csproj", "{F952494C-FD68-42E3-BC41-EA2C87B366A6}"
EndProject
Global
	GlobalSection(SolutionConfigurationPlatforms) = preSolution
		Debug|Any CPU = Debug|Any CPU
		Release|Any CPU = Release|Any CPU
	EndGlobalSection
	GlobalSection(ProjectConfigurationPlatforms) = postSolution
		{2A3FACDD-787F-42C9-BF4E-91FF73C26AF7}.Debug|Any CPU.ActiveCfg = Debug|Any CPU
		{2A3FACDD-787F-42C9-BF4E-91FF73C26AF7}.Debug|Any CPU.Build.0 = Debug|Any CPU
		{2A3FACDD-787F-42C9-BF4E-91FF73C26AF7}.Release|Any CPU.ActiveCfg = Release|Any CPU
		{2A3FACDD-787F-42C9-BF4E-91FF73C26AF7}.Release|Any CPU.Build.0 = Release|Any CPU
		{48BEF85D-6158-4EEC-9731-53CC66B34D81}.Debug|Any CPU.ActiveCfg = Debug|Any CPU
		{48BEF85D-6158-4EEC-9731-53CC66B34D81}.Debug|Any CPU.Build.0 = Debug|Any CPU
		{48BEF85D-6158-4EEC-9731-53CC66B34D81}.Release|Any CPU.ActiveCfg = Release|Any CPU
		{48BEF85D-6158-4EEC-9731-53CC66B34D81}.Release|Any CPU.Build.0 = Release|Any CPU
		{4880AB7B-4DEA-402B-840E-8D43A0DEB3E2}.Debug|Any CPU.ActiveCfg = Debug|Any CPU
		{4880AB7B-4DEA-402B-840E-8D43A0DEB3E2}.Debug|Any CPU.Build.0 = Debug|Any CPU
		{4880AB7B-4DEA-402B-840E-8D43A0DEB3E2}.Release|Any CPU.ActiveCfg = Release|Any CPU
		{4880AB7B-4DEA-402B-840E-8D43A0DEB3E2}.Release|Any CPU.Build.0 = Release|Any CPU
		{53FBACCE-C1ED-4426-83A3-BDAD52B204C1}.Debug|Any CPU.ActiveCfg = Debug|Any CPU
		{53FBACCE-C1ED-4426-83A3-BDAD52B204C1}.Debug|Any CPU.Build.0 = Debug|Any CPU
		{53FBACCE-C1ED-4426-83A3-BDAD52B204C1}.Release|Any CPU.ActiveCfg = Release|Any CPU
		{53FBACCE-C1ED-4426-83A3-BDAD52B204C1}.Release|Any CPU.Build.0 = Release|Any CPU
		{F952494C-FD68-42E3-BC41-EA2C87B366A6}.Debug|Any CPU.ActiveCfg = Debug|Any CPU
		{F952494C-FD68-42E3-BC41-EA2C87B366A6}.Debug|Any CPU.Build.0 = Debug|Any CPU
		{F952494C-FD68-42E3-BC41-EA2C87B366A6}.Release|Any CPU.ActiveCfg = Release|Any CPU
		{F952494C-FD68-42E3-BC41-EA2C87B366A6}.Release|Any CPU.Build.0 = Release|Any CPU
	EndGlobalSection
	GlobalSection(SolutionProperties) = preSolution
		HideSolutionNode = FALSE
	EndGlobalSection
	GlobalSection(ExtensibilityGlobals) = postSolution
		SolutionGuid = {94691C7E-D2EB-49EC-AB10-562FAA07F705}
	EndGlobalSection
EndGlobal
